
Microsoft Visual Studio Solution File, Format Version 12.00
# Visual Studio Version 17
VisualStudioVersion = 17.4.33213.308
MinimumVisualStudioVersion = 10.0.40219.1
Project("{FAE04EC0-301F-11D3-BF4B-00C04F79EFBC}") = "CRUD", "CRUD\CRUD.csproj", "{2D962D5F-7841-4E37-BD9F-80FC2E2B8636}"
EndProject
Global
	GlobalSection(SolutionConfigurationPlatforms) = preSolution
		Debug|Any CPU = Debug|Any CPU
		Release|Any CPU = Release|Any CPU
	EndGlobalSection
	GlobalSection(ProjectConfigurationPlatforms) = postSolution
		{2D962D5F-7841-4E37-BD9F-80FC2E2B8636}.Debug|Any CPU.ActiveCfg = Debug|Any CPU
		{2D962D5F-7841-4E37-BD9F-80FC2E2B8636}.Debug|Any CPU.Build.0 = Debug|Any CPU
		{2D962D5F-7841-4E37-BD9F-80FC2E2B8636}.Release|Any CPU.ActiveCfg = Release|Any CPU
		{2D962D5F-7841-4E37-BD9F-80FC2E2B8636}.Release|Any CPU.Build.0 = Release|Any CPU
	EndGlobalSection
	GlobalSection(SolutionProperties) = preSolution
		HideSolutionNode = FALSE
	EndGlobalSection
	GlobalSection(ExtensibilityGlobals) = postSolution
		SolutionGuid = {D3FD0FEE-615A-40AC-9419-27E8F3A36ED5}
	EndGlobalSection
EndGlobal
